<?xml version="1.0" encoding="utf-8"?>
<Project ToolsVersion="4.0" xmlns="http://schemas.microsoft.com/developer/msbuild/2003">
  <ItemGroup>
    <ClInclude Include="pch.h" />
    <ClInclude Include="android_native_app_glue.h" />
    <ClInclude Include="..\..\..\src\bool.func.h">
      <Filter>src</Filter>
    </ClInclude>
    <ClInclude Include="..\..\..\src\bool2.type.h">
      <Filter>src</Filter>
    </ClInclude>
    <ClInclude Include="..\..\..\src\bool2x2.type.h">
      <Filter>src</Filter>
    </ClInclude>
    <ClInclude Include="..\..\..\src\bool3.type.h">
      <Filter>src</Filter>
    </ClInclude>
    <ClInclude Include="..\..\..\src\bool3x3.type.h">
      <Filter>src</Filter>
    </ClInclude>
    <ClInclude Include="..\..\..\src\bool4.type.h">
      <Filter>src</Filter>
    </ClInclude>
    <ClInclude Include="..\..\..\src\bool4x4.type.h">
      <Filter>src</Filter>
    </ClInclude>
    <ClInclude Include="..\..\..\src\conversion.h">
      <Filter>src</Filter>
    </ClInclude>
    <ClInclude Include="..\..\..\src\define.h">
      <Filter>src</Filter>
    </ClInclude>
    <ClInclude Include="..\..\..\src\float.func.h">
      <Filter>src</Filter>
    </ClInclude>
    <ClInclude Include="..\..\..\src\float2.func.h">
      <Filter>src</Filter>
    </ClInclude>
    <ClInclude Include="..\..\..\src\float2.type.h">
      <Filter>src</Filter>
    </ClInclude>
    <ClInclude Include="..\..\..\src\float2x2.func.h">
      <Filter>src</Filter>
    </ClInclude>
    <ClInclude Include="..\..\..\src\float2x2.type.h">
      <Filter>src</Filter>
    </ClInclude>
    <ClInclude Include="..\..\..\src\float3.func.h">
      <Filter>src</Filter>
    </ClInclude>
    <ClInclude Include="..\..\..\src\float3.type.h">
      <Filter>src</Filter>
    </ClInclude>
    <ClInclude Include="..\..\..\src\float3x3.func.h">
      <Filter>src</Filter>
    </ClInclude>
    <ClInclude Include="..\..\..\src\float3x3.type.h">
      <Filter>src</Filter>
    </ClInclude>
    <ClInclude Include="..\..\..\src\float4.func.h">
      <Filter>src</Filter>
    </ClInclude>
    <ClInclude Include="..\..\..\src\float4.type.h">
      <Filter>src</Filter>
    </ClInclude>
    <ClInclude Include="..\..\..\src\float4x4.func.h">
      <Filter>src</Filter>
    </ClInclude>
    <ClInclude Include="..\..\..\src\float4x4.type.h">
      <Filter>src</Filter>
    </ClInclude>
    <ClInclude Include="..\..\..\src\int.func.h">
      <Filter>src</Filter>
    </ClInclude>
    <ClInclude Include="..\..\..\src\int2.func.h">
      <Filter>src</Filter>
    </ClInclude>
    <ClInclude Include="..\..\..\src\int2.type.h">
      <Filter>src</Filter>
    </ClInclude>
    <ClInclude Include="..\..\..\src\int2x2.func.h">
      <Filter>src</Filter>
    </ClInclude>
    <ClInclude Include="..\..\..\src\int2x2.type.h">
      <Filter>src</Filter>
    </ClInclude>
    <ClInclude Include="..\..\..\src\int3.func.h">
      <Filter>src</Filter>
    </ClInclude>
    <ClInclude Include="..\..\..\src\int3.type.h">
      <Filter>src</Filter>
    </ClInclude>
    <ClInclude Include="..\..\..\src\int3x3.func.h">
      <Filter>src</Filter>
    </ClInclude>
    <ClInclude Include="..\..\..\src\int3x3.type.h">
      <Filter>src</Filter>
    </ClInclude>
    <ClInclude Include="..\..\..\src\int4.func.h">
      <Filter>src</Filter>
    </ClInclude>
    <ClInclude Include="..\..\..\src\int4.type.h">
      <Filter>src</Filter>
    </ClInclude>
    <ClInclude Include="..\..\..\src\int4x4.func.h">
      <Filter>src</Filter>
    </ClInclude>
    <ClInclude Include="..\..\..\src\int4x4.type.h">
      <Filter>src</Filter>
    </ClInclude>
    <ClInclude Include="..\..\..\src\uint.func.h">
      <Filter>src</Filter>
    </ClInclude>
    <ClInclude Include="..\..\..\src\uint.type.h">
      <Filter>src</Filter>
    </ClInclude>
    <ClInclude Include="..\..\..\src\uint2.func.h">
      <Filter>src</Filter>
    </ClInclude>
    <ClInclude Include="..\..\..\src\uint2.type.h">
      <Filter>src</Filter>
    </ClInclude>
    <ClInclude Include="..\..\..\src\uint2x2.func.h">
      <Filter>src</Filter>
    </ClInclude>
    <ClInclude Include="..\..\..\src\uint2x2.type.h">
      <Filter>src</Filter>
    </ClInclude>
    <ClInclude Include="..\..\..\src\uint3.func.h">
      <Filter>src</Filter>
    </ClInclude>
    <ClInclude Include="..\..\..\src\uint3.type.h">
      <Filter>src</Filter>
    </ClInclude>
    <ClInclude Include="..\..\..\src\uint3x3.func.h">
      <Filter>src</Filter>
    </ClInclude>
    <ClInclude Include="..\..\..\src\uint3x3.type.h">
      <Filter>src</Filter>
    </ClInclude>
    <ClInclude Include="..\..\..\src\uint4.func.h">
      <Filter>src</Filter>
    </ClInclude>
    <ClInclude Include="..\..\..\src\uint4.type.h">
      <Filter>src</Filter>
    </ClInclude>
    <ClInclude Include="..\..\..\src\uint4x4.func.h">
      <Filter>src</Filter>
    </ClInclude>
    <ClInclude Include="..\..\..\src\uint4x4.type.h">
      <Filter>src</Filter>
    </ClInclude>
    <ClInclude Include="..\..\hlslmath.h" />
  </ItemGroup>
  <ItemGroup>
    <ClCompile Include="android_native_app_glue.c" />
    <ClCompile Include="main.cpp" />
  </ItemGroup>
  <ItemGroup>
    <Filter Include="src">
      <UniqueIdentifier>{835b636f-c556-4dd3-8cee-9094c0e41b40}</UniqueIdentifier>
    </Filter>
  </ItemGroup>
</Project>